
Microsoft Visual Studio Solution File, Format Version 12.00
# Visual Studio Version 17
VisualStudioVersion = 17.12.35707.178
MinimumVisualStudioVersion = 10.0.40219.1
Project("{FAE04EC0-301F-11D3-BF4B-00C04F79EFBC}") = "GJT_Website_OM", "GJT_Website_OM\GJT_Website_OM.csproj", "{5A1CB105-8521-4950-855F-6A36D9A2E391}"
EndProject
Global
	GlobalSection(SolutionConfigurationPlatforms) = preSolution
		Debug|Any CPU = Debug|Any CPU
		Release|Any CPU = Release|Any CPU
	EndGlobalSection
	GlobalSection(ProjectConfigurationPlatforms) = postSolution
		{5A1CB105-8521-4950-855F-6A36D9A2E391}.Debug|Any CPU.ActiveCfg = Debug|Any CPU
		{5A1CB105-8521-4950-855F-6A36D9A2E391}.Debug|Any CPU.Build.0 = Debug|Any CPU
		{5A1CB105-8521-4950-855F-6A36D9A2E391}.Release|Any CPU.ActiveCfg = Release|Any CPU
		{5A1CB105-8521-4950-855F-6A36D9A2E391}.Release|Any CPU.Build.0 = Release|Any CPU
	EndGlobalSection
	GlobalSection(SolutionProperties) = preSolution
		HideSolutionNode = FALSE
	EndGlobalSection
	GlobalSection(ExtensibilityGlobals) = postSolution
		SolutionGuid = {D3891F6D-7E09-40E6-99FA-FADC2E291460}
	EndGlobalSection
EndGlobal
